
Microsoft Visual Studio Solution File, Format Version 12.00
# Visual Studio Version 16
VisualStudioVersion = 16.0.30907.101
MinimumVisualStudioVersion = 10.0.40219.1
Project("{9A19103F-16F7-4668-BE54-9A1E7A4F7556}") = "BattleshipGame", "Battleship\BattleshipGame.csproj", "{4E404F2C-6531-4C16-A7E0-CC5A230B716F}"
EndProject
Project("{FAE04EC0-301F-11D3-BF4B-00C04F79EFBC}") = "BattleshipGame.Tests", "BattleshipGame.Tests\BattleshipGame.Tests.csproj", "{2121CB41-5C3E-4C56-9ED9-B3336A90E621}"
EndProject
Global
	GlobalSection(SolutionConfigurationPlatforms) = preSolution
		Debug|Any CPU = Debug|Any CPU
		Release|Any CPU = Release|Any CPU
	EndGlobalSection
	GlobalSection(ProjectConfigurationPlatforms) = postSolution
		{4E404F2C-6531-4C16-A7E0-CC5A230B716F}.Debug|Any CPU.ActiveCfg = Debug|Any CPU
		{4E404F2C-6531-4C16-A7E0-CC5A230B716F}.Debug|Any CPU.Build.0 = Debug|Any CPU
		{4E404F2C-6531-4C16-A7E0-CC5A230B716F}.Release|Any CPU.ActiveCfg = Release|Any CPU
		{4E404F2C-6531-4C16-A7E0-CC5A230B716F}.Release|Any CPU.Build.0 = Release|Any CPU
		{2121CB41-5C3E-4C56-9ED9-B3336A90E621}.Debug|Any CPU.ActiveCfg = Debug|Any CPU
		{2121CB41-5C3E-4C56-9ED9-B3336A90E621}.Debug|Any CPU.Build.0 = Debug|Any CPU
		{2121CB41-5C3E-4C56-9ED9-B3336A90E621}.Release|Any CPU.ActiveCfg = Release|Any CPU
		{2121CB41-5C3E-4C56-9ED9-B3336A90E621}.Release|Any CPU.Build.0 = Release|Any CPU
	EndGlobalSection
	GlobalSection(SolutionProperties) = preSolution
		HideSolutionNode = FALSE
	EndGlobalSection
	GlobalSection(ExtensibilityGlobals) = postSolution
		SolutionGuid = {186C5346-F1AC-4863-86D2-09F9B290EE31}
	EndGlobalSection
EndGlobal
